
Microsoft Visual Studio Solution File, Format Version 11.00
# Visual Studio 2010
Project("{FAE04EC0-301F-11D3-BF4B-00C04F79EFBC}") = "FollowThePills", "Assembly-CSharp-firstpass.csproj", "{50D11D98-3F70-D67A-9572-08C6C2294AFB}"
EndProject
Project("{FAE04EC0-301F-11D3-BF4B-00C04F79EFBC}") = "FollowThePills", "Assembly-CSharp.csproj", "{2601357C-F34B-4D1E-A276-32CE85E1A2A0}"
EndProject
Project("{FAE04EC0-301F-11D3-BF4B-00C04F79EFBC}") = "FollowThePills", "Assembly-CSharp-Editor-firstpass.csproj", "{84B05E93-62E0-6556-BAD3-BFF6ECAB610F}"
EndProject
Global
	GlobalSection(SolutionConfigurationPlatforms) = preSolution
		Debug|Any CPU = Debug|Any CPU
		Release|Any CPU = Release|Any CPU
	EndGlobalSection
	GlobalSection(ProjectConfigurationPlatforms) = postSolution
		{50D11D98-3F70-D67A-9572-08C6C2294AFB}.Debug|Any CPU.ActiveCfg = Debug|Any CPU
		{50D11D98-3F70-D67A-9572-08C6C2294AFB}.Debug|Any CPU.Build.0 = Debug|Any CPU
		{50D11D98-3F70-D67A-9572-08C6C2294AFB}.Release|Any CPU.ActiveCfg = Release|Any CPU
		{50D11D98-3F70-D67A-9572-08C6C2294AFB}.Release|Any CPU.Build.0 = Release|Any CPU
		{2601357C-F34B-4D1E-A276-32CE85E1A2A0}.Debug|Any CPU.ActiveCfg = Debug|Any CPU
		{2601357C-F34B-4D1E-A276-32CE85E1A2A0}.Debug|Any CPU.Build.0 = Debug|Any CPU
		{2601357C-F34B-4D1E-A276-32CE85E1A2A0}.Release|Any CPU.ActiveCfg = Release|Any CPU
		{2601357C-F34B-4D1E-A276-32CE85E1A2A0}.Release|Any CPU.Build.0 = Release|Any CPU
		{84B05E93-62E0-6556-BAD3-BFF6ECAB610F}.Debug|Any CPU.ActiveCfg = Debug|Any CPU
		{84B05E93-62E0-6556-BAD3-BFF6ECAB610F}.Debug|Any CPU.Build.0 = Debug|Any CPU
		{84B05E93-62E0-6556-BAD3-BFF6ECAB610F}.Release|Any CPU.ActiveCfg = Release|Any CPU
		{84B05E93-62E0-6556-BAD3-BFF6ECAB610F}.Release|Any CPU.Build.0 = Release|Any CPU
	EndGlobalSection
	GlobalSection(SolutionProperties) = preSolution
		HideSolutionNode = FALSE
	EndGlobalSection
	GlobalSection(MonoDevelopProperties) = preSolution
		StartupItem = Assembly-CSharp.csproj
	EndGlobalSection
EndGlobal
